{
  "name": "nav-dekoratoren-config",
  "version": "1.0.0",
  "lockfileVersion": 2,
  "requires": true,
  "packages": {
    "": {
      "name": "nav-dekoratoren-config",
      "version": "1.0.0",
      "license": "MIT",
      "dependencies": {
        "jsonschema": "1.5.0"
      },
      "devDependencies": {
        "@types/node": "25.0.3",
        "prettier": "3.6.2"
      }
    },
    "node_modules/@types/node": {
      "version": "25.0.3",
      "resolved": "https://registry.npmjs.org/@types/node/-/node-25.0.3.tgz",
      "integrity": "sha512-W609buLVRVmeW693xKfzHeIV6nJGGz98uCPfeXI1ELMLXVeKYZ9m15fAMSaUPBHYLGFsVRcMmSCksQOrZV9BYA==",
      "dev": true,
      "dependencies": {
        "undici-types": "~7.16.0"
      }
    },
    "node_modules/jsonschema": {
      "version": "1.5.0",
      "resolved": "https://registry.npmjs.org/jsonschema/-/jsonschema-1.5.0.tgz",
      "integrity": "sha512-K+A9hhqbn0f3pJX17Q/7H6yQfD/5OXgdrR5UE12gMXCiN9D5Xq2o5mddV2QEcX/bjla99ASsAAQUyMCCRWAEhw==",
      "license": "MIT",
      "engines": {
        "node": "*"
      }
    },
    "node_modules/prettier": {
      "version": "3.6.2",
      "resolved": "https://registry.npmjs.org/prettier/-/prettier-3.6.2.tgz",
      "integrity": "sha512-I7AIg5boAr5R0FFtJ6rCfD+LFsWHp81dolrFD8S79U9tb8Az2nGrJncnMSnys+bpQJfRUzqs9hnA81OAA3hCuQ==",
      "dev": true,
      "license": "MIT",
      "bin": {
        "prettier": "bin/prettier.cjs"
      },
      "engines": {
        "node": ">=14"
      },
      "funding": {
        "url": "https://github.com/prettier/prettier?sponsor=1"
      }
    },
    "node_modules/undici-types": {
      "version": "7.16.0",
      "resolved": "https://registry.npmjs.org/undici-types/-/undici-types-7.16.0.tgz",
      "integrity": "sha512-Zz+aZWSj8LE6zoxD+xrjh4VfkIG8Ya6LvYkZqtUQGJPZjYl53ypCaUwWqo7eI0x66KBGeRo+mlBEkMSeSZ38Nw==",
      "dev": true
    }
  },
  "dependencies": {
    "@types/node": {
      "version": "25.0.3",
      "resolved": "https://registry.npmjs.org/@types/node/-/node-25.0.3.tgz",
      "integrity": "sha512-W609buLVRVmeW693xKfzHeIV6nJGGz98uCPfeXI1ELMLXVeKYZ9m15fAMSaUPBHYLGFsVRcMmSCksQOrZV9BYA==",
      "dev": true,
      "requires": {
        "undici-types": "~7.16.0"
      }
    },
    "jsonschema": {
      "version": "1.5.0",
      "resolved": "https://registry.npmjs.org/jsonschema/-/jsonschema-1.5.0.tgz",
      "integrity": "sha512-K+A9hhqbn0f3pJX17Q/7H6yQfD/5OXgdrR5UE12gMXCiN9D5Xq2o5mddV2QEcX/bjla99ASsAAQUyMCCRWAEhw=="
    },
    "prettier": {
      "version": "3.6.2",
      "resolved": "https://registry.npmjs.org/prettier/-/prettier-3.6.2.tgz",
      "integrity": "sha512-I7AIg5boAr5R0FFtJ6rCfD+LFsWHp81dolrFD8S79U9tb8Az2nGrJncnMSnys+bpQJfRUzqs9hnA81OAA3hCuQ==",
      "dev": true
    },
    "undici-types": {
      "version": "7.16.0",
      "resolved": "https://registry.npmjs.org/undici-types/-/undici-types-7.16.0.tgz",
      "integrity": "sha512-Zz+aZWSj8LE6zoxD+xrjh4VfkIG8Ya6LvYkZqtUQGJPZjYl53ypCaUwWqo7eI0x66KBGeRo+mlBEkMSeSZ38Nw==",
      "dev": true
    }
  }
}
